
Microsoft Visual Studio Solution File, Format Version 12.00
Project("{FAE04EC0-301F-11D3-BF4B-00C04F79EFBC}") = "Wordel", "Wordel\Wordel\Wordel.csproj", "{0FE7F2B5-90FE-4070-B31C-4ED940CE65B8}"
EndProject
Project("{FAE04EC0-301F-11D3-BF4B-00C04F79EFBC}") = "Wordel.Desktop", "Wordel\Wordel.Desktop\Wordel.Desktop.csproj", "{024D8F17-9BB8-4470-9998-D130C05F29A5}"
EndProject
Project("{FAE04EC0-301F-11D3-BF4B-00C04F79EFBC}") = "Wordel.Android", "Wordel\Wordel.Android\Wordel.Android.csproj", "{6413A78A-52E6-4DC8-A245-87AEC19AEAB0}"
EndProject
Project("{FAE04EC0-301F-11D3-BF4B-00C04F79EFBC}") = "Wordel.Web", "Wordel\Wordel.Web\Wordel.Web.csproj", "{C81D59DB-07E8-4453-AD3A-A6BEFB07F5BC}"
EndProject
Project("{FAE04EC0-301F-11D3-BF4B-00C04F79EFBC}") = "Wordel.iOS", "Wordel\Wordel.iOS\Wordel.iOS.csproj", "{2C6F3C28-9A89-4956-AA07-BA78D0E533F8}"
EndProject
Project("{FAE04EC0-301F-11D3-BF4B-00C04F79EFBC}") = "Wordel.Tests", "Wordel\Wordel.Tests\Wordel.Tests.csproj", "{16F4E06E-3161-4E01-918D-4969ED94932A}"
EndProject
Global
	GlobalSection(SolutionConfigurationPlatforms) = preSolution
		Debug|Any CPU = Debug|Any CPU
		Release|Any CPU = Release|Any CPU
	EndGlobalSection
	GlobalSection(ProjectConfigurationPlatforms) = postSolution
		{0FE7F2B5-90FE-4070-B31C-4ED940CE65B8}.Debug|Any CPU.ActiveCfg = Debug|Any CPU
		{0FE7F2B5-90FE-4070-B31C-4ED940CE65B8}.Debug|Any CPU.Build.0 = Debug|Any CPU
		{0FE7F2B5-90FE-4070-B31C-4ED940CE65B8}.Release|Any CPU.ActiveCfg = Release|Any CPU
		{0FE7F2B5-90FE-4070-B31C-4ED940CE65B8}.Release|Any CPU.Build.0 = Release|Any CPU
		{024D8F17-9BB8-4470-9998-D130C05F29A5}.Debug|Any CPU.ActiveCfg = Debug|Any CPU
		{024D8F17-9BB8-4470-9998-D130C05F29A5}.Debug|Any CPU.Build.0 = Debug|Any CPU
		{024D8F17-9BB8-4470-9998-D130C05F29A5}.Release|Any CPU.ActiveCfg = Release|Any CPU
		{024D8F17-9BB8-4470-9998-D130C05F29A5}.Release|Any CPU.Build.0 = Release|Any CPU
		{6413A78A-52E6-4DC8-A245-87AEC19AEAB0}.Debug|Any CPU.ActiveCfg = Debug|Any CPU
		{6413A78A-52E6-4DC8-A245-87AEC19AEAB0}.Debug|Any CPU.Build.0 = Debug|Any CPU
		{6413A78A-52E6-4DC8-A245-87AEC19AEAB0}.Release|Any CPU.ActiveCfg = Release|Any CPU
		{6413A78A-52E6-4DC8-A245-87AEC19AEAB0}.Release|Any CPU.Build.0 = Release|Any CPU
		{C81D59DB-07E8-4453-AD3A-A6BEFB07F5BC}.Debug|Any CPU.ActiveCfg = Debug|Any CPU
		{C81D59DB-07E8-4453-AD3A-A6BEFB07F5BC}.Debug|Any CPU.Build.0 = Debug|Any CPU
		{C81D59DB-07E8-4453-AD3A-A6BEFB07F5BC}.Release|Any CPU.ActiveCfg = Release|Any CPU
		{C81D59DB-07E8-4453-AD3A-A6BEFB07F5BC}.Release|Any CPU.Build.0 = Release|Any CPU
		{2C6F3C28-9A89-4956-AA07-BA78D0E533F8}.Debug|Any CPU.ActiveCfg = Debug|Any CPU
		{2C6F3C28-9A89-4956-AA07-BA78D0E533F8}.Debug|Any CPU.Build.0 = Debug|Any CPU
		{2C6F3C28-9A89-4956-AA07-BA78D0E533F8}.Release|Any CPU.ActiveCfg = Release|Any CPU
		{2C6F3C28-9A89-4956-AA07-BA78D0E533F8}.Release|Any CPU.Build.0 = Release|Any CPU
		{16F4E06E-3161-4E01-918D-4969ED94932A}.Debug|Any CPU.ActiveCfg = Debug|Any CPU
		{16F4E06E-3161-4E01-918D-4969ED94932A}.Debug|Any CPU.Build.0 = Debug|Any CPU
		{16F4E06E-3161-4E01-918D-4969ED94932A}.Release|Any CPU.ActiveCfg = Release|Any CPU
		{16F4E06E-3161-4E01-918D-4969ED94932A}.Release|Any CPU.Build.0 = Release|Any CPU
	EndGlobalSection
EndGlobal
